
Microsoft Visual Studio Solution File, Format Version 12.00
# Visual Studio 15
VisualStudioVersion = 15.0.28307.852
MinimumVisualStudioVersion = 10.0.40219.1
Project("{FAE04EC0-301F-11D3-BF4B-00C04F79EFBC}") = "Ex01", "Ex01\Ex01.csproj", "{D5741823-7104-4676-A068-67A6D59D6383}"
EndProject
Global
	GlobalSection(SolutionConfigurationPlatforms) = preSolution
		Debug|Any CPU = Debug|Any CPU
		Release|Any CPU = Release|Any CPU
	EndGlobalSection
	GlobalSection(ProjectConfigurationPlatforms) = postSolution
		{D5741823-7104-4676-A068-67A6D59D6383}.Debug|Any CPU.ActiveCfg = Debug|Any CPU
		{D5741823-7104-4676-A068-67A6D59D6383}.Debug|Any CPU.Build.0 = Debug|Any CPU
		{D5741823-7104-4676-A068-67A6D59D6383}.Release|Any CPU.ActiveCfg = Release|Any CPU
		{D5741823-7104-4676-A068-67A6D59D6383}.Release|Any CPU.Build.0 = Release|Any CPU
	EndGlobalSection
	GlobalSection(SolutionProperties) = preSolution
		HideSolutionNode = FALSE
	EndGlobalSection
	GlobalSection(ExtensibilityGlobals) = postSolution
		SolutionGuid = {BFE9243C-330B-4E23-90D5-73B4D3FF8965}
	EndGlobalSection
EndGlobal
