
Microsoft Visual Studio Solution File, Format Version 12.00
# Visual Studio 15
VisualStudioVersion = 15.0.28307.852
MinimumVisualStudioVersion = 10.0.40219.1
Project("{FAE04EC0-301F-11D3-BF4B-00C04F79EFBC}") = "Example01", "Example01\Example01.csproj", "{652014DD-2C64-41F0-B360-4F4A6C74229E}"
EndProject
Global
	GlobalSection(SolutionConfigurationPlatforms) = preSolution
		Debug|Any CPU = Debug|Any CPU
		Release|Any CPU = Release|Any CPU
	EndGlobalSection
	GlobalSection(ProjectConfigurationPlatforms) = postSolution
		{652014DD-2C64-41F0-B360-4F4A6C74229E}.Debug|Any CPU.ActiveCfg = Debug|Any CPU
		{652014DD-2C64-41F0-B360-4F4A6C74229E}.Debug|Any CPU.Build.0 = Debug|Any CPU
		{652014DD-2C64-41F0-B360-4F4A6C74229E}.Release|Any CPU.ActiveCfg = Release|Any CPU
		{652014DD-2C64-41F0-B360-4F4A6C74229E}.Release|Any CPU.Build.0 = Release|Any CPU
	EndGlobalSection
	GlobalSection(SolutionProperties) = preSolution
		HideSolutionNode = FALSE
	EndGlobalSection
	GlobalSection(ExtensibilityGlobals) = postSolution
		SolutionGuid = {54DDD4AC-1055-4168-8BC3-B8031C42FFDA}
	EndGlobalSection
EndGlobal
