
Microsoft Visual Studio Solution File, Format Version 12.00
# Visual Studio 15
VisualStudioVersion = 15.0.28307.852
MinimumVisualStudioVersion = 10.0.40219.1
Project("{FAE04EC0-301F-11D3-BF4B-00C04F79EFBC}") = "ExersiseEF", "ExersiseEF\ExersiseEF.csproj", "{6FE9BA75-7DB4-4AF3-883E-791CE60C49D3}"
EndProject
Global
	GlobalSection(SolutionConfigurationPlatforms) = preSolution
		Debug|Any CPU = Debug|Any CPU
		Release|Any CPU = Release|Any CPU
	EndGlobalSection
	GlobalSection(ProjectConfigurationPlatforms) = postSolution
		{6FE9BA75-7DB4-4AF3-883E-791CE60C49D3}.Debug|Any CPU.ActiveCfg = Debug|Any CPU
		{6FE9BA75-7DB4-4AF3-883E-791CE60C49D3}.Debug|Any CPU.Build.0 = Debug|Any CPU
		{6FE9BA75-7DB4-4AF3-883E-791CE60C49D3}.Release|Any CPU.ActiveCfg = Release|Any CPU
		{6FE9BA75-7DB4-4AF3-883E-791CE60C49D3}.Release|Any CPU.Build.0 = Release|Any CPU
	EndGlobalSection
	GlobalSection(SolutionProperties) = preSolution
		HideSolutionNode = FALSE
	EndGlobalSection
	GlobalSection(ExtensibilityGlobals) = postSolution
		SolutionGuid = {B96AA9D9-414E-4116-ADF1-7AE687F28844}
	EndGlobalSection
EndGlobal
