
Microsoft Visual Studio Solution File, Format Version 12.00
# Visual Studio 15
VisualStudioVersion = 15.0.28307.852
MinimumVisualStudioVersion = 10.0.40219.1
Project("{FAE04EC0-301F-11D3-BF4B-00C04F79EFBC}") = "LINQExercises", "LINQExercises\LINQExercises.csproj", "{7253C9E4-66B7-4120-8630-9B8460B5BCFA}"
EndProject
Global
	GlobalSection(SolutionConfigurationPlatforms) = preSolution
		Debug|Any CPU = Debug|Any CPU
		Release|Any CPU = Release|Any CPU
	EndGlobalSection
	GlobalSection(ProjectConfigurationPlatforms) = postSolution
		{7253C9E4-66B7-4120-8630-9B8460B5BCFA}.Debug|Any CPU.ActiveCfg = Debug|Any CPU
		{7253C9E4-66B7-4120-8630-9B8460B5BCFA}.Debug|Any CPU.Build.0 = Debug|Any CPU
		{7253C9E4-66B7-4120-8630-9B8460B5BCFA}.Release|Any CPU.ActiveCfg = Release|Any CPU
		{7253C9E4-66B7-4120-8630-9B8460B5BCFA}.Release|Any CPU.Build.0 = Release|Any CPU
	EndGlobalSection
	GlobalSection(SolutionProperties) = preSolution
		HideSolutionNode = FALSE
	EndGlobalSection
	GlobalSection(ExtensibilityGlobals) = postSolution
		SolutionGuid = {5FF58DE0-728D-44BC-B70C-F8BA5381E3CC}
	EndGlobalSection
EndGlobal
