
Microsoft Visual Studio Solution File, Format Version 12.00
# Visual Studio 15
VisualStudioVersion = 15.0.28307.852
MinimumVisualStudioVersion = 10.0.40219.1
Project("{FAE04EC0-301F-11D3-BF4B-00C04F79EFBC}") = "ctlClock", "ctlClock\ctlClock.csproj", "{AE5E7725-499C-456B-BA18-628C4EADA412}"
EndProject
Project("{FAE04EC0-301F-11D3-BF4B-00C04F79EFBC}") = "Form1", "..\Form1\Form1.csproj", "{733B8387-F0A3-47B4-9369-ACBB6937F7AA}"
EndProject
Global
	GlobalSection(SolutionConfigurationPlatforms) = preSolution
		Debug|Any CPU = Debug|Any CPU
		Release|Any CPU = Release|Any CPU
	EndGlobalSection
	GlobalSection(ProjectConfigurationPlatforms) = postSolution
		{AE5E7725-499C-456B-BA18-628C4EADA412}.Debug|Any CPU.ActiveCfg = Debug|Any CPU
		{AE5E7725-499C-456B-BA18-628C4EADA412}.Debug|Any CPU.Build.0 = Debug|Any CPU
		{AE5E7725-499C-456B-BA18-628C4EADA412}.Release|Any CPU.ActiveCfg = Release|Any CPU
		{AE5E7725-499C-456B-BA18-628C4EADA412}.Release|Any CPU.Build.0 = Release|Any CPU
		{733B8387-F0A3-47B4-9369-ACBB6937F7AA}.Debug|Any CPU.ActiveCfg = Debug|Any CPU
		{733B8387-F0A3-47B4-9369-ACBB6937F7AA}.Debug|Any CPU.Build.0 = Debug|Any CPU
		{733B8387-F0A3-47B4-9369-ACBB6937F7AA}.Release|Any CPU.ActiveCfg = Release|Any CPU
		{733B8387-F0A3-47B4-9369-ACBB6937F7AA}.Release|Any CPU.Build.0 = Release|Any CPU
	EndGlobalSection
	GlobalSection(SolutionProperties) = preSolution
		HideSolutionNode = FALSE
	EndGlobalSection
	GlobalSection(ExtensibilityGlobals) = postSolution
		SolutionGuid = {62A8CFA7-B086-4642-AAC0-D769C115BFB1}
	EndGlobalSection
EndGlobal
