
Microsoft Visual Studio Solution File, Format Version 12.00
# Visual Studio 15
VisualStudioVersion = 15.0.28307.852
MinimumVisualStudioVersion = 10.0.40219.1
Project("{FAE04EC0-301F-11D3-BF4B-00C04F79EFBC}") = "ctrlNumberBox", "ctrlNumberBox\ctrlNumberBox.csproj", "{CB790C15-E566-45E9-920C-69C28E87D679}"
EndProject
Project("{FAE04EC0-301F-11D3-BF4B-00C04F79EFBC}") = "Test Number Box", "Test Number Box\Test Number Box.csproj", "{E4611905-6804-40CC-931E-11F21988E4DC}"
EndProject
Global
	GlobalSection(SolutionConfigurationPlatforms) = preSolution
		Debug|Any CPU = Debug|Any CPU
		Release|Any CPU = Release|Any CPU
	EndGlobalSection
	GlobalSection(ProjectConfigurationPlatforms) = postSolution
		{CB790C15-E566-45E9-920C-69C28E87D679}.Debug|Any CPU.ActiveCfg = Debug|Any CPU
		{CB790C15-E566-45E9-920C-69C28E87D679}.Debug|Any CPU.Build.0 = Debug|Any CPU
		{CB790C15-E566-45E9-920C-69C28E87D679}.Release|Any CPU.ActiveCfg = Release|Any CPU
		{CB790C15-E566-45E9-920C-69C28E87D679}.Release|Any CPU.Build.0 = Release|Any CPU
		{E4611905-6804-40CC-931E-11F21988E4DC}.Debug|Any CPU.ActiveCfg = Debug|Any CPU
		{E4611905-6804-40CC-931E-11F21988E4DC}.Debug|Any CPU.Build.0 = Debug|Any CPU
		{E4611905-6804-40CC-931E-11F21988E4DC}.Release|Any CPU.ActiveCfg = Release|Any CPU
		{E4611905-6804-40CC-931E-11F21988E4DC}.Release|Any CPU.Build.0 = Release|Any CPU
	EndGlobalSection
	GlobalSection(SolutionProperties) = preSolution
		HideSolutionNode = FALSE
	EndGlobalSection
	GlobalSection(ExtensibilityGlobals) = postSolution
		SolutionGuid = {B842F781-2B48-4258-8FF5-5BEFDFEB8D71}
	EndGlobalSection
EndGlobal
